
Microsoft Visual Studio Solution File, Format Version 12.00
# Visual Studio Version 16
VisualStudioVersion = 16.0.29613.14
MinimumVisualStudioVersion = 10.0.40219.1
Project("{FAE04EC0-301F-11D3-BF4B-00C04F79EFBC}") = "CSE455V2.Android", "CSE455V2\CSE455V2.Android\CSE455V2.Android.csproj", "{6F350E99-E499-4286-A86E-1AA5893DB9EC}"
EndProject
Project("{FAE04EC0-301F-11D3-BF4B-00C04F79EFBC}") = "CSE455V2.iOS", "CSE455V2\CSE455V2.iOS\CSE455V2.iOS.csproj", "{89881397-D0A5-4723-B1F5-4D21BF529C74}"
EndProject
Project("{9A19103F-16F7-4668-BE54-9A1E7A4F7556}") = "CSE455V2", "CSE455V2\CSE455V2\CSE455V2.csproj", "{895B0E21-7D37-46A5-AC9F-915726438468}"
EndProject
Project("{FAE04EC0-301F-11D3-BF4B-00C04F79EFBC}") = "ChatServer", "ChatServer\ChatServer.csproj", "{E5041705-92FD-4999-943B-8E8BE20607FC}"
EndProject
Global
	GlobalSection(SolutionConfigurationPlatforms) = preSolution
		Debug|Any CPU = Debug|Any CPU
		Debug|iPhone = Debug|iPhone
		Debug|iPhoneSimulator = Debug|iPhoneSimulator
		Release|Any CPU = Release|Any CPU
		Release|iPhone = Release|iPhone
		Release|iPhoneSimulator = Release|iPhoneSimulator
	EndGlobalSection
	GlobalSection(ProjectConfigurationPlatforms) = postSolution
		{6F350E99-E499-4286-A86E-1AA5893DB9EC}.Debug|Any CPU.ActiveCfg = Debug|Any CPU
		{6F350E99-E499-4286-A86E-1AA5893DB9EC}.Debug|Any CPU.Build.0 = Debug|Any CPU
		{6F350E99-E499-4286-A86E-1AA5893DB9EC}.Debug|Any CPU.Deploy.0 = Debug|Any CPU
		{6F350E99-E499-4286-A86E-1AA5893DB9EC}.Debug|iPhone.ActiveCfg = Debug|Any CPU
		{6F350E99-E499-4286-A86E-1AA5893DB9EC}.Debug|iPhone.Build.0 = Debug|Any CPU
		{6F350E99-E499-4286-A86E-1AA5893DB9EC}.Debug|iPhone.Deploy.0 = Debug|Any CPU
		{6F350E99-E499-4286-A86E-1AA5893DB9EC}.Debug|iPhoneSimulator.ActiveCfg = Debug|Any CPU
		{6F350E99-E499-4286-A86E-1AA5893DB9EC}.Debug|iPhoneSimulator.Build.0 = Debug|Any CPU
		{6F350E99-E499-4286-A86E-1AA5893DB9EC}.Debug|iPhoneSimulator.Deploy.0 = Debug|Any CPU
		{6F350E99-E499-4286-A86E-1AA5893DB9EC}.Release|Any CPU.ActiveCfg = Release|Any CPU
		{6F350E99-E499-4286-A86E-1AA5893DB9EC}.Release|Any CPU.Build.0 = Release|Any CPU
		{6F350E99-E499-4286-A86E-1AA5893DB9EC}.Release|Any CPU.Deploy.0 = Release|Any CPU
		{6F350E99-E499-4286-A86E-1AA5893DB9EC}.Release|iPhone.ActiveCfg = Release|Any CPU
		{6F350E99-E499-4286-A86E-1AA5893DB9EC}.Release|iPhone.Build.0 = Release|Any CPU
		{6F350E99-E499-4286-A86E-1AA5893DB9EC}.Release|iPhone.Deploy.0 = Release|Any CPU
		{6F350E99-E499-4286-A86E-1AA5893DB9EC}.Release|iPhoneSimulator.ActiveCfg = Release|Any CPU
		{6F350E99-E499-4286-A86E-1AA5893DB9EC}.Release|iPhoneSimulator.Build.0 = Release|Any CPU
		{6F350E99-E499-4286-A86E-1AA5893DB9EC}.Release|iPhoneSimulator.Deploy.0 = Release|Any CPU
		{89881397-D0A5-4723-B1F5-4D21BF529C74}.Debug|Any CPU.ActiveCfg = Debug|iPhoneSimulator
		{89881397-D0A5-4723-B1F5-4D21BF529C74}.Debug|Any CPU.Build.0 = Debug|iPhoneSimulator
		{89881397-D0A5-4723-B1F5-4D21BF529C74}.Debug|Any CPU.Deploy.0 = Debug|iPhoneSimulator
		{89881397-D0A5-4723-B1F5-4D21BF529C74}.Debug|iPhone.ActiveCfg = Debug|iPhone
		{89881397-D0A5-4723-B1F5-4D21BF529C74}.Debug|iPhone.Build.0 = Debug|iPhone
		{89881397-D0A5-4723-B1F5-4D21BF529C74}.Debug|iPhone.Deploy.0 = Debug|iPhone
		{89881397-D0A5-4723-B1F5-4D21BF529C74}.Debug|iPhoneSimulator.ActiveCfg = Debug|iPhoneSimulator
		{89881397-D0A5-4723-B1F5-4D21BF529C74}.Debug|iPhoneSimulator.Build.0 = Debug|iPhoneSimulator
		{89881397-D0A5-4723-B1F5-4D21BF529C74}.Debug|iPhoneSimulator.Deploy.0 = Debug|iPhoneSimulator
		{89881397-D0A5-4723-B1F5-4D21BF529C74}.Release|Any CPU.ActiveCfg = Release|iPhone
		{89881397-D0A5-4723-B1F5-4D21BF529C74}.Release|Any CPU.Build.0 = Release|iPhone
		{89881397-D0A5-4723-B1F5-4D21BF529C74}.Release|Any CPU.Deploy.0 = Release|iPhone
		{89881397-D0A5-4723-B1F5-4D21BF529C74}.Release|iPhone.ActiveCfg = Release|iPhone
		{89881397-D0A5-4723-B1F5-4D21BF529C74}.Release|iPhone.Build.0 = Release|iPhone
		{89881397-D0A5-4723-B1F5-4D21BF529C74}.Release|iPhone.Deploy.0 = Release|iPhone
		{89881397-D0A5-4723-B1F5-4D21BF529C74}.Release|iPhoneSimulator.ActiveCfg = Release|iPhoneSimulator
		{89881397-D0A5-4723-B1F5-4D21BF529C74}.Release|iPhoneSimulator.Build.0 = Release|iPhoneSimulator
		{89881397-D0A5-4723-B1F5-4D21BF529C74}.Release|iPhoneSimulator.Deploy.0 = Release|iPhoneSimulator
		{895B0E21-7D37-46A5-AC9F-915726438468}.Debug|Any CPU.ActiveCfg = Debug|Any CPU
		{895B0E21-7D37-46A5-AC9F-915726438468}.Debug|Any CPU.Build.0 = Debug|Any CPU
		{895B0E21-7D37-46A5-AC9F-915726438468}.Debug|Any CPU.Deploy.0 = Debug|Any CPU
		{895B0E21-7D37-46A5-AC9F-915726438468}.Debug|iPhone.ActiveCfg = Debug|Any CPU
		{895B0E21-7D37-46A5-AC9F-915726438468}.Debug|iPhone.Build.0 = Debug|Any CPU
		{895B0E21-7D37-46A5-AC9F-915726438468}.Debug|iPhone.Deploy.0 = Debug|Any CPU
		{895B0E21-7D37-46A5-AC9F-915726438468}.Debug|iPhoneSimulator.ActiveCfg = Debug|Any CPU
		{895B0E21-7D37-46A5-AC9F-915726438468}.Debug|iPhoneSimulator.Build.0 = Debug|Any CPU
		{895B0E21-7D37-46A5-AC9F-915726438468}.Debug|iPhoneSimulator.Deploy.0 = Debug|Any CPU
		{895B0E21-7D37-46A5-AC9F-915726438468}.Release|Any CPU.ActiveCfg = Release|Any CPU
		{895B0E21-7D37-46A5-AC9F-915726438468}.Release|Any CPU.Build.0 = Release|Any CPU
		{895B0E21-7D37-46A5-AC9F-915726438468}.Release|Any CPU.Deploy.0 = Release|Any CPU
		{895B0E21-7D37-46A5-AC9F-915726438468}.Release|iPhone.ActiveCfg = Release|Any CPU
		{895B0E21-7D37-46A5-AC9F-915726438468}.Release|iPhone.Build.0 = Release|Any CPU
		{895B0E21-7D37-46A5-AC9F-915726438468}.Release|iPhone.Deploy.0 = Release|Any CPU
		{895B0E21-7D37-46A5-AC9F-915726438468}.Release|iPhoneSimulator.ActiveCfg = Release|Any CPU
		{895B0E21-7D37-46A5-AC9F-915726438468}.Release|iPhoneSimulator.Build.0 = Release|Any CPU
		{895B0E21-7D37-46A5-AC9F-915726438468}.Release|iPhoneSimulator.Deploy.0 = Release|Any CPU
		{E5041705-92FD-4999-943B-8E8BE20607FC}.Debug|Any CPU.ActiveCfg = Debug|Any CPU
		{E5041705-92FD-4999-943B-8E8BE20607FC}.Debug|Any CPU.Build.0 = Debug|Any CPU
		{E5041705-92FD-4999-943B-8E8BE20607FC}.Debug|iPhone.ActiveCfg = Debug|Any CPU
		{E5041705-92FD-4999-943B-8E8BE20607FC}.Debug|iPhone.Build.0 = Debug|Any CPU
		{E5041705-92FD-4999-943B-8E8BE20607FC}.Debug|iPhoneSimulator.ActiveCfg = Debug|Any CPU
		{E5041705-92FD-4999-943B-8E8BE20607FC}.Debug|iPhoneSimulator.Build.0 = Debug|Any CPU
		{E5041705-92FD-4999-943B-8E8BE20607FC}.Release|Any CPU.ActiveCfg = Release|Any CPU
		{E5041705-92FD-4999-943B-8E8BE20607FC}.Release|Any CPU.Build.0 = Release|Any CPU
		{E5041705-92FD-4999-943B-8E8BE20607FC}.Release|iPhone.ActiveCfg = Release|Any CPU
		{E5041705-92FD-4999-943B-8E8BE20607FC}.Release|iPhone.Build.0 = Release|Any CPU
		{E5041705-92FD-4999-943B-8E8BE20607FC}.Release|iPhoneSimulator.ActiveCfg = Release|Any CPU
		{E5041705-92FD-4999-943B-8E8BE20607FC}.Release|iPhoneSimulator.Build.0 = Release|Any CPU
	EndGlobalSection
	GlobalSection(SolutionProperties) = preSolution
		HideSolutionNode = FALSE
	EndGlobalSection
	GlobalSection(ExtensibilityGlobals) = postSolution
		SolutionGuid = {58C7FE4A-7ECC-498A-9FFF-A1319A9E9030}
	EndGlobalSection
EndGlobal
